
Microsoft Visual Studio Solution File, Format Version 12.00
# Visual Studio Version 17
VisualStudioVersion = 17.0.31903.59
MinimumVisualStudioVersion = 10.0.40219.1
Project("{FAE04EC0-301F-11D3-BF4B-00C04F79EFBC}") = "Finrex-App", "Finrex-App.csproj", "{55B27AC6-AB77-47C3-8286-430DE46AA1AE}"
EndProject
Project("{FAE04EC0-301F-11D3-BF4B-00C04F79EFBC}") = "Finrex-App.Tests", "Finrex-App.Tests\Finrex-App.Tests.csproj", "{C942AEBF-496F-4FC2-976C-AC135DC16411}"
EndProject
Project("{FAE04EC0-301F-11D3-BF4B-00C04F79EFBC}") = "Finrex.Tests", "Finrex.Tests\Finrex.Tests.csproj", "{7C1CBBA4-1E1B-4EAF-AEA4-D48C4DF32736}"
EndProject
Global
	GlobalSection(SolutionConfigurationPlatforms) = preSolution
		Debug|Any CPU = Debug|Any CPU
		Release|Any CPU = Release|Any CPU
	EndGlobalSection
	GlobalSection(SolutionProperties) = preSolution
		HideSolutionNode = FALSE
	EndGlobalSection
	GlobalSection(ProjectConfigurationPlatforms) = postSolution
		{55B27AC6-AB77-47C3-8286-430DE46AA1AE}.Debug|Any CPU.ActiveCfg = Debug|Any CPU
		{55B27AC6-AB77-47C3-8286-430DE46AA1AE}.Debug|Any CPU.Build.0 = Debug|Any CPU
		{55B27AC6-AB77-47C3-8286-430DE46AA1AE}.Release|Any CPU.ActiveCfg = Release|Any CPU
		{55B27AC6-AB77-47C3-8286-430DE46AA1AE}.Release|Any CPU.Build.0 = Release|Any CPU
		{C942AEBF-496F-4FC2-976C-AC135DC16411}.Debug|Any CPU.ActiveCfg = Debug|Any CPU
		{C942AEBF-496F-4FC2-976C-AC135DC16411}.Debug|Any CPU.Build.0 = Debug|Any CPU
		{C942AEBF-496F-4FC2-976C-AC135DC16411}.Release|Any CPU.ActiveCfg = Release|Any CPU
		{C942AEBF-496F-4FC2-976C-AC135DC16411}.Release|Any CPU.Build.0 = Release|Any CPU
		{7C1CBBA4-1E1B-4EAF-AEA4-D48C4DF32736}.Debug|Any CPU.ActiveCfg = Debug|Any CPU
		{7C1CBBA4-1E1B-4EAF-AEA4-D48C4DF32736}.Debug|Any CPU.Build.0 = Debug|Any CPU
		{7C1CBBA4-1E1B-4EAF-AEA4-D48C4DF32736}.Release|Any CPU.ActiveCfg = Release|Any CPU
		{7C1CBBA4-1E1B-4EAF-AEA4-D48C4DF32736}.Release|Any CPU.Build.0 = Release|Any CPU
	EndGlobalSection
EndGlobal
